// !$*UTF8*$!
{
	archiveVersion = 1;
	classes = {
	};
	objectVersion = 50;
	objects = {

/* Begin PBXBuildFile section */
		8B5288912597266000A620CF /* Assets.xcassets in Resources */ = {isa = PBXBuildFile; fileRef = 8B5288902597266000A620CF /* Assets.xcassets */; };
		8B5288982597268300A620CF /* Profile.swift in Sources */ = {isa = PBXBuildFile; fileRef = 8B5288942597268300A620CF /* Profile.swift */; };
		8B5288992597268300A620CF /* Hike.swift in Sources */ = {isa = PBXBuildFile; fileRef = 8B5288952597268300A620CF /* Hike.swift */; };
		8B52889A2597268300A620CF /* ModelData.swift in Sources */ = {isa = PBXBuildFile; fileRef = 8B5288962597268300A620CF /* ModelData.swift */; };
		8B52889B2597268300A620CF /* Landmark.swift in Sources */ = {isa = PBXBuildFile; fileRef = 8B5288972597268300A620CF /* Landmark.swift */; };
		8B5288C02597269000A620CF /* GraphCapsule.swift in Sources */ = {isa = PBXBuildFile; fileRef = 8B52889F2597269000A620CF /* GraphCapsule.swift */; };
		8B5288C12597269000A620CF /* HikeGraph.swift in Sources */ = {isa = PBXBuildFile; fileRef = 8B5288A02597269000A620CF /* HikeGraph.swift */; };
		8B5288C22597269000A620CF /* HikeDetail.swift in Sources */ = {isa = PBXBuildFile; fileRef = 8B5288A12597269000A620CF /* HikeDetail.swift */; };
		8B5288C32597269000A620CF /* HikeView.swift in Sources */ = {isa = PBXBuildFile; fileRef = 8B5288A22597269000A620CF /* HikeView.swift */; };
		8B5288C42597269000A620CF /* FeatureCard.swift in Sources */ = {isa = PBXBuildFile; fileRef = 8B5288A42597269000A620CF /* FeatureCard.swift */; };
		8B5288C52597269000A620CF /* PageControl.swift in Sources */ = {isa = PBXBuildFile; fileRef = 8B5288A52597269000A620CF /* PageControl.swift */; };
		8B5288C62597269000A620CF /* PageViewController.swift in Sources */ = {isa = PBXBuildFile; fileRef = 8B5288A62597269000A620CF /* PageViewController.swift */; };
		8B5288C72597269000A620CF /* PageView.swift in Sources */ = {isa = PBXBuildFile; fileRef = 8B5288A72597269000A620CF /* PageView.swift */; };
		8B5288C82597269000A620CF /* LandmarkList.swift in Sources */ = {isa = PBXBuildFile; fileRef = 8B5288A92597269000A620CF /* LandmarkList.swift */; };
		8B5288C92597269000A620CF /* LandmarkDetail.swift in Sources */ = {isa = PBXBuildFile; fileRef = 8B5288AA2597269000A620CF /* LandmarkDetail.swift */; };
		8B5288CA2597269000A620CF /* LandmarkRow.swift in Sources */ = {isa = PBXBuildFile; fileRef = 8B5288AB2597269000A620CF /* LandmarkRow.swift */; };
		8B5288CB2597269000A620CF /* ProfileSummary.swift in Sources */ = {isa = PBXBuildFile; fileRef = 8B5288AD2597269000A620CF /* ProfileSummary.swift */; };
		8B5288CC2597269000A620CF /* ProfileEditor.swift in Sources */ = {isa = PBXBuildFile; fileRef = 8B5288AE2597269000A620CF /* ProfileEditor.swift */; };
		8B5288CD2597269000A620CF /* ProfileHost.swift in Sources */ = {isa = PBXBuildFile; fileRef = 8B5288AF2597269000A620CF /* ProfileHost.swift */; };
		8B5288CE2597269000A620CF /* CategoryItem.swift in Sources */ = {isa = PBXBuildFile; fileRef = 8B5288B12597269000A620CF /* CategoryItem.swift */; };
		8B5288CF2597269000A620CF /* CategoryHome.swift in Sources */ = {isa = PBXBuildFile; fileRef = 8B5288B22597269000A620CF /* CategoryHome.swift */; };
		8B5288D02597269000A620CF /* CategoryRow.swift in Sources */ = {isa = PBXBuildFile; fileRef = 8B5288B32597269000A620CF /* CategoryRow.swift */; };
		8B5288D12597269000A620CF /* ContentView.swift in Sources */ = {isa = PBXBuildFile; fileRef = 8B5288B42597269000A620CF /* ContentView.swift */; };
		8B5288D22597269000A620CF /* MapView.swift in Sources */ = {isa = PBXBuildFile; fileRef = 8B5288B62597269000A620CF /* MapView.swift */; };
		8B5288D32597269000A620CF /* CircleImage.swift in Sources */ = {isa = PBXBuildFile; fileRef = 8B5288B72597269000A620CF /* CircleImage.swift */; };
		8B5288D42597269000A620CF /* FavoriteButton.swift in Sources */ = {isa = PBXBuildFile; fileRef = 8B5288B82597269000A620CF /* FavoriteButton.swift */; };
		8B5288D52597269000A620CF /* HikeBadge.swift in Sources */ = {isa = PBXBuildFile; fileRef = 8B5288BA2597269000A620CF /* HikeBadge.swift */; };
		8B5288D62597269000A620CF /* RotatedBadgeSymbol.swift in Sources */ = {isa = PBXBuildFile; fileRef = 8B5288BB2597269000A620CF /* RotatedBadgeSymbol.swift */; };
		8B5288D72597269000A620CF /* HexagonParameters.swift in Sources */ = {isa = PBXBuildFile; fileRef = 8B5288BC2597269000A620CF /* HexagonParameters.swift */; };
		8B5288D82597269000A620CF /* BadgeSymbol.swift in Sources */ = {isa = PBXBuildFile; fileRef = 8B5288BD2597269000A620CF /* BadgeSymbol.swift */; };
		8B5288D92597269000A620CF /* BadgeBackground.swift in Sources */ = {isa = PBXBuildFile; fileRef = 8B5288BE2597269000A620CF /* BadgeBackground.swift */; };
		8B5288DA2597269000A620CF /* Badge.swift in Sources */ = {isa = PBXBuildFile; fileRef = 8B5288BF2597269000A620CF /* Badge.swift */; };
		8B5288DF2597269B00A620CF /* hikeData.json in Resources */ = {isa = PBXBuildFile; fileRef = 8B5288DD2597269B00A620CF /* hikeData.json */; };
		8B5288E02597269B00A620CF /* landmarkData.json in Resources */ = {isa = PBXBuildFile; fileRef = 8B5288DE2597269B00A620CF /* landmarkData.json */; };
		8B5288E92597733600A620CF /* Assets.xcassets in Resources */ = {isa = PBXBuildFile; fileRef = 8B5288E82597733600A620CF /* Assets.xcassets */; };
		8B5288F02597733600A620CF /* WatchSwiftUINote Extension.appex in Embed App Extensions */ = {isa = PBXBuildFile; fileRef = 8B5288EF2597733600A620CF /* WatchSwiftUINote Extension.appex */; settings = {ATTRIBUTES = (RemoveHeadersOnCopy, ); }; };
		8B5288F72597733600A620CF /* ContentView.swift in Sources */ = {isa = PBXBuildFile; fileRef = 8B5288F62597733600A620CF /* ContentView.swift */; };
		8B5288F92597733600A620CF /* NotificationController.swift in Sources */ = {isa = PBXBuildFile; fileRef = 8B5288F82597733600A620CF /* NotificationController.swift */; };
		8B5288FB2597733600A620CF /* NotificationView.swift in Sources */ = {isa = PBXBuildFile; fileRef = 8B5288FA2597733600A620CF /* NotificationView.swift */; };
		8B5288FD2597733600A620CF /* ComplicationController.swift in Sources */ = {isa = PBXBuildFile; fileRef = 8B5288FC2597733600A620CF /* ComplicationController.swift */; };
		8B5288FF2597733700A620CF /* Assets.xcassets in Resources */ = {isa = PBXBuildFile; fileRef = 8B5288FE2597733700A620CF /* Assets.xcassets */; };
		8B5289022597733700A620CF /* Preview Assets.xcassets in Resources */ = {isa = PBXBuildFile; fileRef = 8B5289012597733700A620CF /* Preview Assets.xcassets */; };
		8B5289072597733700A620CF /* WatchSwiftUINote.app in Embed Watch Content */ = {isa = PBXBuildFile; fileRef = 8B5288E62597733400A620CF /* WatchSwiftUINote.app */; settings = {ATTRIBUTES = (RemoveHeadersOnCopy, ); }; };
		8B528919259774D200A620CF /* ModelData.swift in Sources */ = {isa = PBXBuildFile; fileRef = 8B5288962597268300A620CF /* ModelData.swift */; };
		8B52891A259774D200A620CF /* Landmark.swift in Sources */ = {isa = PBXBuildFile; fileRef = 8B5288972597268300A620CF /* Landmark.swift */; };
		8B52891B259774D200A620CF /* Hike.swift in Sources */ = {isa = PBXBuildFile; fileRef = 8B5288952597268300A620CF /* Hike.swift */; };
		8B52891C259774D200A620CF /* CircleImage.swift in Sources */ = {isa = PBXBuildFile; fileRef = 8B5288B72597269000A620CF /* CircleImage.swift */; };
		8B52891D259774D200A620CF /* SwiftUINoteApp.swift in Sources */ = {isa = PBXBuildFile; fileRef = 8B88C7192592310200ADE459 /* SwiftUINoteApp.swift */; };
		8B52891E259774D200A620CF /* landmarkData.json in Resources */ = {isa = PBXBuildFile; fileRef = 8B5288DE2597269B00A620CF /* landmarkData.json */; };
		8B52891F259774D200A620CF /* LandmarkRow.swift in Sources */ = {isa = PBXBuildFile; fileRef = 8B5288AB2597269000A620CF /* LandmarkRow.swift */; };
		8B528920259774D200A620CF /* LandmarkList.swift in Sources */ = {isa = PBXBuildFile; fileRef = 8B5288A92597269000A620CF /* LandmarkList.swift */; };
		8B528921259774D200A620CF /* MapView.swift in Sources */ = {isa = PBXBuildFile; fileRef = 8B5288B62597269000A620CF /* MapView.swift */; };
		8B528922259774D200A620CF /* Profile.swift in Sources */ = {isa = PBXBuildFile; fileRef = 8B5288942597268300A620CF /* Profile.swift */; };
		8B528923259774D200A620CF /* hikeData.json in Resources */ = {isa = PBXBuildFile; fileRef = 8B5288DD2597269B00A620CF /* hikeData.json */; };
		8B528928259778BA00A620CF /* LandmarkDetail.swift in Sources */ = {isa = PBXBuildFile; fileRef = 8B528927259778BA00A620CF /* LandmarkDetail.swift */; };
		8B52892C25977BA700A620CF /* Assets.xcassets in Resources */ = {isa = PBXBuildFile; fileRef = 8B5288902597266000A620CF /* Assets.xcassets */; };
		8B88C71A2592310200ADE459 /* SwiftUINoteApp.swift in Sources */ = {isa = PBXBuildFile; fileRef = 8B88C7192592310200ADE459 /* SwiftUINoteApp.swift */; };
		8B88C7212592310400ADE459 /* Preview Assets.xcassets in Resources */ = {isa = PBXBuildFile; fileRef = 8B88C7202592310400ADE459 /* Preview Assets.xcassets */; };
/* End PBXBuildFile section */

/* Begin PBXContainerItemProxy section */
		8B5288F12597733600A620CF /* PBXContainerItemProxy */ = {
			isa = PBXContainerItemProxy;
			containerPortal = 8B88C70E2592310200ADE459 /* Project object */;
			proxyType = 1;
			remoteGlobalIDString = 8B5288EE2597733600A620CF;
			remoteInfo = "WatchSwiftUINote Extension";
		};
		8B5289052597733700A620CF /* PBXContainerItemProxy */ = {
			isa = PBXContainerItemProxy;
			containerPortal = 8B88C70E2592310200ADE459 /* Project object */;
			proxyType = 1;
			remoteGlobalIDString = 8B5288E52597733400A620CF;
			remoteInfo = WatchSwiftUINote;
		};
/* End PBXContainerItemProxy section */

/* Begin PBXCopyFilesBuildPhase section */
		8B52890B2597733700A620CF /* Embed App Extensions */ = {
			isa = PBXCopyFilesBuildPhase;
			buildActionMask = 2147483647;
			dstPath = "";
			dstSubfolderSpec = 13;
			files = (
				8B5288F02597733600A620CF /* WatchSwiftUINote Extension.appex in Embed App Extensions */,
			);
			name = "Embed App Extensions";
			runOnlyForDeploymentPostprocessing = 0;
		};
		8B52890F2597733700A620CF /* Embed Watch Content */ = {
			isa = PBXCopyFilesBuildPhase;
			buildActionMask = 2147483647;
			dstPath = "$(CONTENTS_FOLDER_PATH)/Watch";
			dstSubfolderSpec = 16;
			files = (
				8B5289072597733700A620CF /* WatchSwiftUINote.app in Embed Watch Content */,
			);
			name = "Embed Watch Content";
			runOnlyForDeploymentPostprocessing = 0;
		};
/* End PBXCopyFilesBuildPhase section */

/* Begin PBXFileReference section */
		8B5288902597266000A620CF /* Assets.xcassets */ = {isa = PBXFileReference; lastKnownFileType = folder.assetcatalog; path = Assets.xcassets; sourceTree = "<group>"; };
		8B5288942597268300A620CF /* Profile.swift */ = {isa = PBXFileReference; fileEncoding = 4; lastKnownFileType = sourcecode.swift; path = Profile.swift; sourceTree = "<group>"; };
		8B5288952597268300A620CF /* Hike.swift */ = {isa = PBXFileReference; fileEncoding = 4; lastKnownFileType = sourcecode.swift; path = Hike.swift; sourceTree = "<group>"; };
		8B5288962597268300A620CF /* ModelData.swift */ = {isa = PBXFileReference; fileEncoding = 4; lastKnownFileType = sourcecode.swift; path = ModelData.swift; sourceTree = "<group>"; };
		8B5288972597268300A620CF /* Landmark.swift */ = {isa = PBXFileReference; fileEncoding = 4; lastKnownFileType = sourcecode.swift; path = Landmark.swift; sourceTree = "<group>"; };
		8B52889F2597269000A620CF /* GraphCapsule.swift */ = {isa = PBXFileReference; fileEncoding = 4; lastKnownFileType = sourcecode.swift; path = GraphCapsule.swift; sourceTree = "<group>"; };
		8B5288A02597269000A620CF /* HikeGraph.swift */ = {isa = PBXFileReference; fileEncoding = 4; lastKnownFileType = sourcecode.swift; path = HikeGraph.swift; sourceTree = "<group>"; };
		8B5288A12597269000A620CF /* HikeDetail.swift */ = {isa = PBXFileReference; fileEncoding = 4; lastKnownFileType = sourcecode.swift; path = HikeDetail.swift; sourceTree = "<group>"; };
		8B5288A22597269000A620CF /* HikeView.swift */ = {isa = PBXFileReference; fileEncoding = 4; lastKnownFileType = sourcecode.swift; path = HikeView.swift; sourceTree = "<group>"; };
		8B5288A42597269000A620CF /* FeatureCard.swift */ = {isa = PBXFileReference; fileEncoding = 4; lastKnownFileType = sourcecode.swift; path = FeatureCard.swift; sourceTree = "<group>"; };
		8B5288A52597269000A620CF /* PageControl.swift */ = {isa = PBXFileReference; fileEncoding = 4; lastKnownFileType = sourcecode.swift; path = PageControl.swift; sourceTree = "<group>"; };
		8B5288A62597269000A620CF /* PageViewController.swift */ = {isa = PBXFileReference; fileEncoding = 4; lastKnownFileType = sourcecode.swift; path = PageViewController.swift; sourceTree = "<group>"; };
		8B5288A72597269000A620CF /* PageView.swift */ = {isa = PBXFileReference; fileEncoding = 4; lastKnownFileType = sourcecode.swift; path = PageView.swift; sourceTree = "<group>"; };
		8B5288A92597269000A620CF /* LandmarkList.swift */ = {isa = PBXFileReference; fileEncoding = 4; lastKnownFileType = sourcecode.swift; path = LandmarkList.swift; sourceTree = "<group>"; };
		8B5288AA2597269000A620CF /* LandmarkDetail.swift */ = {isa = PBXFileReference; fileEncoding = 4; lastKnownFileType = sourcecode.swift; path = LandmarkDetail.swift; sourceTree = "<group>"; };
		8B5288AB2597269000A620CF /* LandmarkRow.swift */ = {isa = PBXFileReference; fileEncoding = 4; lastKnownFileType = sourcecode.swift; path = LandmarkRow.swift; sourceTree = "<group>"; };
		8B5288AD2597269000A620CF /* ProfileSummary.swift */ = {isa = PBXFileReference; fileEncoding = 4; lastKnownFileType = sourcecode.swift; path = ProfileSummary.swift; sourceTree = "<group>"; };
		8B5288AE2597269000A620CF /* ProfileEditor.swift */ = {isa = PBXFileReference; fileEncoding = 4; lastKnownFileType = sourcecode.swift; path = ProfileEditor.swift; sourceTree = "<group>"; };
		8B5288AF2597269000A620CF /* ProfileHost.swift */ = {isa = PBXFileReference; fileEncoding = 4; lastKnownFileType = sourcecode.swift; path = ProfileHost.swift; sourceTree = "<group>"; };
		8B5288B12597269000A620CF /* CategoryItem.swift */ = {isa = PBXFileReference; fileEncoding = 4; lastKnownFileType = sourcecode.swift; path = CategoryItem.swift; sourceTree = "<group>"; };
		8B5288B22597269000A620CF /* CategoryHome.swift */ = {isa = PBXFileReference; fileEncoding = 4; lastKnownFileType = sourcecode.swift; path = CategoryHome.swift; sourceTree = "<group>"; };
		8B5288B32597269000A620CF /* CategoryRow.swift */ = {isa = PBXFileReference; fileEncoding = 4; lastKnownFileType = sourcecode.swift; path = CategoryRow.swift; sourceTree = "<group>"; };
		8B5288B42597269000A620CF /* ContentView.swift */ = {isa = PBXFileReference; fileEncoding = 4; lastKnownFileType = sourcecode.swift; path = ContentView.swift; sourceTree = "<group>"; };
		8B5288B62597269000A620CF /* MapView.swift */ = {isa = PBXFileReference; fileEncoding = 4; lastKnownFileType = sourcecode.swift; path = MapView.swift; sourceTree = "<group>"; };
		8B5288B72597269000A620CF /* CircleImage.swift */ = {isa = PBXFileReference; fileEncoding = 4; lastKnownFileType = sourcecode.swift; path = CircleImage.swift; sourceTree = "<group>"; };
		8B5288B82597269000A620CF /* FavoriteButton.swift */ = {isa = PBXFileReference; fileEncoding = 4; lastKnownFileType = sourcecode.swift; path = FavoriteButton.swift; sourceTree = "<group>"; };
		8B5288BA2597269000A620CF /* HikeBadge.swift */ = {isa = PBXFileReference; fileEncoding = 4; lastKnownFileType = sourcecode.swift; path = HikeBadge.swift; sourceTree = "<group>"; };
		8B5288BB2597269000A620CF /* RotatedBadgeSymbol.swift */ = {isa = PBXFileReference; fileEncoding = 4; lastKnownFileType = sourcecode.swift; path = RotatedBadgeSymbol.swift; sourceTree = "<group>"; };
		8B5288BC2597269000A620CF /* HexagonParameters.swift */ = {isa = PBXFileReference; fileEncoding = 4; lastKnownFileType = sourcecode.swift; path = HexagonParameters.swift; sourceTree = "<group>"; };
		8B5288BD2597269000A620CF /* BadgeSymbol.swift */ = {isa = PBXFileReference; fileEncoding = 4; lastKnownFileType = sourcecode.swift; path = BadgeSymbol.swift; sourceTree = "<group>"; };
		8B5288BE2597269000A620CF /* BadgeBackground.swift */ = {isa = PBXFileReference; fileEncoding = 4; lastKnownFileType = sourcecode.swift; path = BadgeBackground.swift; sourceTree = "<group>"; };
		8B5288BF2597269000A620CF /* Badge.swift */ = {isa = PBXFileReference; fileEncoding = 4; lastKnownFileType = sourcecode.swift; path = Badge.swift; sourceTree = "<group>"; };
		8B5288DD2597269B00A620CF /* hikeData.json */ = {isa = PBXFileReference; fileEncoding = 4; lastKnownFileType = text.json; path = hikeData.json; sourceTree = "<group>"; };
		8B5288DE2597269B00A620CF /* landmarkData.json */ = {isa = PBXFileReference; fileEncoding = 4; lastKnownFileType = text.json; path = landmarkData.json; sourceTree = "<group>"; };
		8B5288E62597733400A620CF /* WatchSwiftUINote.app */ = {isa = PBXFileReference; explicitFileType = wrapper.application; includeInIndex = 0; path = WatchSwiftUINote.app; sourceTree = BUILT_PRODUCTS_DIR; };
		8B5288E82597733600A620CF /* Assets.xcassets */ = {isa = PBXFileReference; lastKnownFileType = folder.assetcatalog; path = Assets.xcassets; sourceTree = "<group>"; };
		8B5288EA2597733600A620CF /* Info.plist */ = {isa = PBXFileReference; lastKnownFileType = text.plist.xml; path = Info.plist; sourceTree = "<group>"; };
		8B5288EF2597733600A620CF /* WatchSwiftUINote Extension.appex */ = {isa = PBXFileReference; explicitFileType = "wrapper.app-extension"; includeInIndex = 0; path = "WatchSwiftUINote Extension.appex"; sourceTree = BUILT_PRODUCTS_DIR; };
		8B5288F62597733600A620CF /* ContentView.swift */ = {isa = PBXFileReference; lastKnownFileType = sourcecode.swift; path = ContentView.swift; sourceTree = "<group>"; };
		8B5288F82597733600A620CF /* NotificationController.swift */ = {isa = PBXFileReference; lastKnownFileType = sourcecode.swift; path = NotificationController.swift; sourceTree = "<group>"; };
		8B5288FA2597733600A620CF /* NotificationView.swift */ = {isa = PBXFileReference; lastKnownFileType = sourcecode.swift; path = NotificationView.swift; sourceTree = "<group>"; };
		8B5288FC2597733600A620CF /* ComplicationController.swift */ = {isa = PBXFileReference; lastKnownFileType = sourcecode.swift; path = ComplicationController.swift; sourceTree = "<group>"; };
		8B5288FE2597733700A620CF /* Assets.xcassets */ = {isa = PBXFileReference; lastKnownFileType = folder.assetcatalog; path = Assets.xcassets; sourceTree = "<group>"; };
		8B5289012597733700A620CF /* Preview Assets.xcassets */ = {isa = PBXFileReference; lastKnownFileType = folder.assetcatalog; path = "Preview Assets.xcassets"; sourceTree = "<group>"; };
		8B5289032597733700A620CF /* Info.plist */ = {isa = PBXFileReference; lastKnownFileType = text.plist.xml; path = Info.plist; sourceTree = "<group>"; };
		8B5289042597733700A620CF /* PushNotificationPayload.apns */ = {isa = PBXFileReference; lastKnownFileType = text; path = PushNotificationPayload.apns; sourceTree = "<group>"; };
		8B528927259778BA00A620CF /* LandmarkDetail.swift */ = {isa = PBXFileReference; lastKnownFileType = sourcecode.swift; path = LandmarkDetail.swift; sourceTree = "<group>"; };
		8B88C7162592310200ADE459 /* SwiftUINote.app */ = {isa = PBXFileReference; explicitFileType = wrapper.application; includeInIndex = 0; path = SwiftUINote.app; sourceTree = BUILT_PRODUCTS_DIR; };
		8B88C7192592310200ADE459 /* SwiftUINoteApp.swift */ = {isa = PBXFileReference; lastKnownFileType = sourcecode.swift; path = SwiftUINoteApp.swift; sourceTree = "<group>"; };
		8B88C7202592310400ADE459 /* Preview Assets.xcassets */ = {isa = PBXFileReference; lastKnownFileType = folder.assetcatalog; path = "Preview Assets.xcassets"; sourceTree = "<group>"; };
		8B88C7222592310400ADE459 /* Info.plist */ = {isa = PBXFileReference; lastKnownFileType = text.plist.xml; path = Info.plist; sourceTree = "<group>"; };
		8B88C72A2592313000ADE459 /* README.md */ = {isa = PBXFileReference; lastKnownFileType = net.daringfireball.markdown; path = README.md; sourceTree = "<group>"; };
/* End PBXFileReference section */

/* Begin PBXFrameworksBuildPhase section */
		8B5288EC2597733600A620CF /* Frameworks */ = {
			isa = PBXFrameworksBuildPhase;
			buildActionMask = 2147483647;
			files = (
			);
			runOnlyForDeploymentPostprocessing = 0;
		};
		8B88C7132592310200ADE459 /* Frameworks */ = {
			isa = PBXFrameworksBuildPhase;
			buildActionMask = 2147483647;
			files = (
			);
			runOnlyForDeploymentPostprocessing = 0;
		};
/* End PBXFrameworksBuildPhase section */

/* Begin PBXGroup section */
		8B5288932597268300A620CF /* Model */ = {
			isa = PBXGroup;
			children = (
				8B5288942597268300A620CF /* Profile.swift */,
				8B5288952597268300A620CF /* Hike.swift */,
				8B5288962597268300A620CF /* ModelData.swift */,
				8B5288972597268300A620CF /* Landmark.swift */,
			);
			path = Model;
			sourceTree = "<group>";
		};
		8B52889D2597269000A620CF /* Views */ = {
			isa = PBXGroup;
			children = (
				8B5288B42597269000A620CF /* ContentView.swift */,
				8B52889E2597269000A620CF /* Hikes */,
				8B5288A32597269000A620CF /* PageView */,
				8B5288A82597269000A620CF /* Landmarks */,
				8B5288AC2597269000A620CF /* Profiles */,
				8B5288B02597269000A620CF /* Categories */,
				8B5288B52597269000A620CF /* Helpers */,
				8B5288B92597269000A620CF /* Badges */,
			);
			path = Views;
			sourceTree = "<group>";
		};
		8B52889E2597269000A620CF /* Hikes */ = {
			isa = PBXGroup;
			children = (
				8B52889F2597269000A620CF /* GraphCapsule.swift */,
				8B5288A02597269000A620CF /* HikeGraph.swift */,
				8B5288A12597269000A620CF /* HikeDetail.swift */,
				8B5288A22597269000A620CF /* HikeView.swift */,
			);
			path = Hikes;
			sourceTree = "<group>";
		};
		8B5288A32597269000A620CF /* PageView */ = {
			isa = PBXGroup;
			children = (
				8B5288A42597269000A620CF /* FeatureCard.swift */,
				8B5288A52597269000A620CF /* PageControl.swift */,
				8B5288A62597269000A620CF /* PageViewController.swift */,
				8B5288A72597269000A620CF /* PageView.swift */,
			);
			path = PageView;
			sourceTree = "<group>";
		};
		8B5288A82597269000A620CF /* Landmarks */ = {
			isa = PBXGroup;
			children = (
				8B5288A92597269000A620CF /* LandmarkList.swift */,
				8B5288AA2597269000A620CF /* LandmarkDetail.swift */,
				8B5288AB2597269000A620CF /* LandmarkRow.swift */,
			);
			path = Landmarks;
			sourceTree = "<group>";
		};
		8B5288AC2597269000A620CF /* Profiles */ = {
			isa = PBXGroup;
			children = (
				8B5288AD2597269000A620CF /* ProfileSummary.swift */,
				8B5288AE2597269000A620CF /* ProfileEditor.swift */,
				8B5288AF2597269000A620CF /* ProfileHost.swift */,
			);
			path = Profiles;
			sourceTree = "<group>";
		};
		8B5288B02597269000A620CF /* Categories */ = {
			isa = PBXGroup;
			children = (
				8B5288B12597269000A620CF /* CategoryItem.swift */,
				8B5288B22597269000A620CF /* CategoryHome.swift */,
				8B5288B32597269000A620CF /* CategoryRow.swift */,
			);
			path = Categories;
			sourceTree = "<group>";
		};
		8B5288B52597269000A620CF /* Helpers */ = {
			isa = PBXGroup;
			children = (
				8B5288B62597269000A620CF /* MapView.swift */,
				8B5288B72597269000A620CF /* CircleImage.swift */,
				8B5288B82597269000A620CF /* FavoriteButton.swift */,
			);
			path = Helpers;
			sourceTree = "<group>";
		};
		8B5288B92597269000A620CF /* Badges */ = {
			isa = PBXGroup;
			children = (
				8B5288BA2597269000A620CF /* HikeBadge.swift */,
				8B5288BB2597269000A620CF /* RotatedBadgeSymbol.swift */,
				8B5288BC2597269000A620CF /* HexagonParameters.swift */,
				8B5288BD2597269000A620CF /* BadgeSymbol.swift */,
				8B5288BE2597269000A620CF /* BadgeBackground.swift */,
				8B5288BF2597269000A620CF /* Badge.swift */,
			);
			path = Badges;
			sourceTree = "<group>";
		};
		8B5288DC2597269B00A620CF /* Resources */ = {
			isa = PBXGroup;
			children = (
				8B5288DD2597269B00A620CF /* hikeData.json */,
				8B5288DE2597269B00A620CF /* landmarkData.json */,
			);
			path = Resources;
			sourceTree = "<group>";
		};
		8B5288E72597733400A620CF /* WatchSwiftUINote */ = {
			isa = PBXGroup;
			children = (
				8B5288E82597733600A620CF /* Assets.xcassets */,
				8B5288EA2597733600A620CF /* Info.plist */,
			);
			path = WatchSwiftUINote;
			sourceTree = "<group>";
		};
		8B5288F32597733600A620CF /* WatchSwiftUINote Extension */ = {
			isa = PBXGroup;
			children = (
				8B5288F62597733600A620CF /* ContentView.swift */,
				8B5288F82597733600A620CF /* NotificationController.swift */,
				8B5288FA2597733600A620CF /* NotificationView.swift */,
				8B5288FC2597733600A620CF /* ComplicationController.swift */,
				8B5288FE2597733700A620CF /* Assets.xcassets */,
				8B5289032597733700A620CF /* Info.plist */,
				8B5289042597733700A620CF /* PushNotificationPayload.apns */,
				8B5289002597733700A620CF /* Preview Content */,
				8B528927259778BA00A620CF /* LandmarkDetail.swift */,
			);
			path = "WatchSwiftUINote Extension";
			sourceTree = "<group>";
		};
		8B5289002597733700A620CF /* Preview Content */ = {
			isa = PBXGroup;
			children = (
				8B5289012597733700A620CF /* Preview Assets.xcassets */,
			);
			path = "Preview Content";
			sourceTree = "<group>";
		};
		8B88C70D2592310200ADE459 = {
			isa = PBXGroup;
			children = (
				8B88C72A2592313000ADE459 /* README.md */,
				8B88C7182592310200ADE459 /* SwiftUINote */,
				8B5288E72597733400A620CF /* WatchSwiftUINote */,
				8B5288F32597733600A620CF /* WatchSwiftUINote Extension */,
				8B88C7172592310200ADE459 /* Products */,
			);
			sourceTree = "<group>";
		};
		8B88C7172592310200ADE459 /* Products */ = {
			isa = PBXGroup;
			children = (
				8B88C7162592310200ADE459 /* SwiftUINote.app */,
				8B5288E62597733400A620CF /* WatchSwiftUINote.app */,
				8B5288EF2597733600A620CF /* WatchSwiftUINote Extension.appex */,
			);
			name = Products;
			sourceTree = "<group>";
		};
		8B88C7182592310200ADE459 /* SwiftUINote */ = {
			isa = PBXGroup;
			children = (
				8B5288DC2597269B00A620CF /* Resources */,
				8B52889D2597269000A620CF /* Views */,
				8B5288932597268300A620CF /* Model */,
				8B88C7192592310200ADE459 /* SwiftUINoteApp.swift */,
				8B5288902597266000A620CF /* Assets.xcassets */,
				8B88C7222592310400ADE459 /* Info.plist */,
				8B88C71F2592310400ADE459 /* Preview Content */,
			);
			path = SwiftUINote;
			sourceTree = "<group>";
		};
		8B88C71F2592310400ADE459 /* Preview Content */ = {
			isa = PBXGroup;
			children = (
				8B88C7202592310400ADE459 /* Preview Assets.xcassets */,
			);
			path = "Preview Content";
			sourceTree = "<group>";
		};
/* End PBXGroup section */

/* Begin PBXNativeTarget section */
		8B5288E52597733400A620CF /* WatchSwiftUINote */ = {
			isa = PBXNativeTarget;
			buildConfigurationList = 8B52890C2597733700A620CF /* Build configuration list for PBXNativeTarget "WatchSwiftUINote" */;
			buildPhases = (
				8B5288E42597733400A620CF /* Resources */,
				8B52890B2597733700A620CF /* Embed App Extensions */,
			);
			buildRules = (
			);
			dependencies = (
				8B5288F22597733600A620CF /* PBXTargetDependency */,
			);
			name = WatchSwiftUINote;
			productName = WatchSwiftUINote;
			productReference = 8B5288E62597733400A620CF /* WatchSwiftUINote.app */;
			productType = "com.apple.product-type.application.watchapp2";
		};
		8B5288EE2597733600A620CF /* WatchSwiftUINote Extension */ = {
			isa = PBXNativeTarget;
			buildConfigurationList = 8B5289082597733700A620CF /* Build configuration list for PBXNativeTarget "WatchSwiftUINote Extension" */;
			buildPhases = (
				8B5288EB2597733600A620CF /* Sources */,
				8B5288EC2597733600A620CF /* Frameworks */,
				8B5288ED2597733600A620CF /* Resources */,
			);
			buildRules = (
			);
			dependencies = (
			);
			name = "WatchSwiftUINote Extension";
			productName = "WatchSwiftUINote Extension";
			productReference = 8B5288EF2597733600A620CF /* WatchSwiftUINote Extension.appex */;
			productType = "com.apple.product-type.watchkit2-extension";
		};
		8B88C7152592310200ADE459 /* SwiftUINote */ = {
			isa = PBXNativeTarget;
			buildConfigurationList = 8B88C7252592310400ADE459 /* Build configuration list for PBXNativeTarget "SwiftUINote" */;
			buildPhases = (
				8B88C7122592310200ADE459 /* Sources */,
				8B88C7132592310200ADE459 /* Frameworks */,
				8B88C7142592310200ADE459 /* Resources */,
				8B52890F2597733700A620CF /* Embed Watch Content */,
			);
			buildRules = (
			);
			dependencies = (
				8B5289062597733700A620CF /* PBXTargetDependency */,
			);
			name = SwiftUINote;
			productName = SwiftUINote;
			productReference = 8B88C7162592310200ADE459 /* SwiftUINote.app */;
			productType = "com.apple.product-type.application";
		};
/* End PBXNativeTarget section */

/* Begin PBXProject section */
		8B88C70E2592310200ADE459 /* Project object */ = {
			isa = PBXProject;
			attributes = {
				LastSwiftUpdateCheck = 1230;
				LastUpgradeCheck = 1230;
				TargetAttributes = {
					8B5288E52597733400A620CF = {
						CreatedOnToolsVersion = 12.3;
					};
					8B5288EE2597733600A620CF = {
						CreatedOnToolsVersion = 12.3;
					};
					8B88C7152592310200ADE459 = {
						CreatedOnToolsVersion = 12.3;
					};
				};
			};
			buildConfigurationList = 8B88C7112592310200ADE459 /* Build configuration list for PBXProject "SwiftUINote" */;
			compatibilityVersion = "Xcode 9.3";
			developmentRegion = en;
			hasScannedForEncodings = 0;
			knownRegions = (
				en,
				Base,
			);
			mainGroup = 8B88C70D2592310200ADE459;
			productRefGroup = 8B88C7172592310200ADE459 /* Products */;
			projectDirPath = "";
			projectRoot = "";
			targets = (
				8B88C7152592310200ADE459 /* SwiftUINote */,
				8B5288E52597733400A620CF /* WatchSwiftUINote */,
				8B5288EE2597733600A620CF /* WatchSwiftUINote Extension */,
			);
		};
/* End PBXProject section */

/* Begin PBXResourcesBuildPhase section */
		8B5288E42597733400A620CF /* Resources */ = {
			isa = PBXResourcesBuildPhase;
			buildActionMask = 2147483647;
			files = (
				8B5288E92597733600A620CF /* Assets.xcassets in Resources */,
			);
			runOnlyForDeploymentPostprocessing = 0;
		};
		8B5288ED2597733600A620CF /* Resources */ = {
			isa = PBXResourcesBuildPhase;
			buildActionMask = 2147483647;
			files = (
				8B528923259774D200A620CF /* hikeData.json in Resources */,
				8B5289022597733700A620CF /* Preview Assets.xcassets in Resources */,
				8B5288FF2597733700A620CF /* Assets.xcassets in Resources */,
				8B52891E259774D200A620CF /* landmarkData.json in Resources */,
				8B52892C25977BA700A620CF /* Assets.xcassets in Resources */,
			);
			runOnlyForDeploymentPostprocessing = 0;
		};
		8B88C7142592310200ADE459 /* Resources */ = {
			isa = PBXResourcesBuildPhase;
			buildActionMask = 2147483647;
			files = (
				8B5288912597266000A620CF /* Assets.xcassets in Resources */,
				8B5288E02597269B00A620CF /* landmarkData.json in Resources */,
				8B5288DF2597269B00A620CF /* hikeData.json in Resources */,
				8B88C7212592310400ADE459 /* Preview Assets.xcassets in Resources */,
			);
			runOnlyForDeploymentPostprocessing = 0;
		};
/* End PBXResourcesBuildPhase section */

/* Begin PBXSourcesBuildPhase section */
		8B5288EB2597733600A620CF /* Sources */ = {
			isa = PBXSourcesBuildPhase;
			buildActionMask = 2147483647;
			files = (
				8B5288F92597733600A620CF /* NotificationController.swift in Sources */,
				8B528921259774D200A620CF /* MapView.swift in Sources */,
				8B528920259774D200A620CF /* LandmarkList.swift in Sources */,
				8B528922259774D200A620CF /* Profile.swift in Sources */,
				8B52891C259774D200A620CF /* CircleImage.swift in Sources */,
				8B5288F72597733600A620CF /* ContentView.swift in Sources */,
				8B528928259778BA00A620CF /* LandmarkDetail.swift in Sources */,
				8B528919259774D200A620CF /* ModelData.swift in Sources */,
				8B52891D259774D200A620CF /* SwiftUINoteApp.swift in Sources */,
				8B52891B259774D200A620CF /* Hike.swift in Sources */,
				8B5288FD2597733600A620CF /* ComplicationController.swift in Sources */,
				8B5288FB2597733600A620CF /* NotificationView.swift in Sources */,
				8B52891F259774D200A620CF /* LandmarkRow.swift in Sources */,
				8B52891A259774D200A620CF /* Landmark.swift in Sources */,
			);
			runOnlyForDeploymentPostprocessing = 0;
		};
		8B88C7122592310200ADE459 /* Sources */ = {
			isa = PBXSourcesBuildPhase;
			buildActionMask = 2147483647;
			files = (
				8B5288D72597269000A620CF /* HexagonParameters.swift in Sources */,
				8B5288D62597269000A620CF /* RotatedBadgeSymbol.swift in Sources */,
				8B5288D92597269000A620CF /* BadgeBackground.swift in Sources */,
				8B5288CA2597269000A620CF /* LandmarkRow.swift in Sources */,
				8B5288D12597269000A620CF /* ContentView.swift in Sources */,
				8B5288D32597269000A620CF /* CircleImage.swift in Sources */,
				8B5288CB2597269000A620CF /* ProfileSummary.swift in Sources */,
				8B5288CD2597269000A620CF /* ProfileHost.swift in Sources */,
				8B5288D52597269000A620CF /* HikeBadge.swift in Sources */,
				8B5288CF2597269000A620CF /* CategoryHome.swift in Sources */,
				8B5288982597268300A620CF /* Profile.swift in Sources */,
				8B5288D02597269000A620CF /* CategoryRow.swift in Sources */,
				8B5288DA2597269000A620CF /* Badge.swift in Sources */,
				8B5288C52597269000A620CF /* PageControl.swift in Sources */,
				8B5288C22597269000A620CF /* HikeDetail.swift in Sources */,
				8B5288C82597269000A620CF /* LandmarkList.swift in Sources */,
				8B5288CC2597269000A620CF /* ProfileEditor.swift in Sources */,
				8B5288D22597269000A620CF /* MapView.swift in Sources */,
				8B5288C32597269000A620CF /* HikeView.swift in Sources */,
				8B5288CE2597269000A620CF /* CategoryItem.swift in Sources */,
				8B52889A2597268300A620CF /* ModelData.swift in Sources */,
				8B5288992597268300A620CF /* Hike.swift in Sources */,
				8B88C71A2592310200ADE459 /* SwiftUINoteApp.swift in Sources */,
				8B5288C12597269000A620CF /* HikeGraph.swift in Sources */,
				8B52889B2597268300A620CF /* Landmark.swift in Sources */,
				8B5288D42597269000A620CF /* FavoriteButton.swift in Sources */,
				8B5288C62597269000A620CF /* PageViewController.swift in Sources */,
				8B5288C92597269000A620CF /* LandmarkDetail.swift in Sources */,
				8B5288C02597269000A620CF /* GraphCapsule.swift in Sources */,
				8B5288D82597269000A620CF /* BadgeSymbol.swift in Sources */,
				8B5288C42597269000A620CF /* FeatureCard.swift in Sources */,
				8B5288C72597269000A620CF /* PageView.swift in Sources */,
			);
			runOnlyForDeploymentPostprocessing = 0;
		};
/* End PBXSourcesBuildPhase section */

/* Begin PBXTargetDependency section */
		8B5288F22597733600A620CF /* PBXTargetDependency */ = {
			isa = PBXTargetDependency;
			target = 8B5288EE2597733600A620CF /* WatchSwiftUINote Extension */;
			targetProxy = 8B5288F12597733600A620CF /* PBXContainerItemProxy */;
		};
		8B5289062597733700A620CF /* PBXTargetDependency */ = {
			isa = PBXTargetDependency;
			target = 8B5288E52597733400A620CF /* WatchSwiftUINote */;
			targetProxy = 8B5289052597733700A620CF /* PBXContainerItemProxy */;
		};
/* End PBXTargetDependency section */

/* Begin XCBuildConfiguration section */
		8B5289092597733700A620CF /* Debug */ = {
			isa = XCBuildConfiguration;
			buildSettings = {
				ASSETCATALOG_COMPILER_COMPLICATION_NAME = Complication;
				CODE_SIGN_STYLE = Automatic;
				DEVELOPMENT_ASSET_PATHS = "\"WatchSwiftUINote Extension/Preview Content\"";
				DEVELOPMENT_TEAM = A2LPNTJJ58;
				ENABLE_PREVIEWS = YES;
				INFOPLIST_FILE = "WatchSwiftUINote Extension/Info.plist";
				LD_RUNPATH_SEARCH_PATHS = (
					"$(inherited)",
					"@executable_path/Frameworks",
					"@executable_path/../../Frameworks",
				);
				PRODUCT_BUNDLE_IDENTIFIER = live.huangsenhui.app.watchkitapp.watchkitextension;
				PRODUCT_NAME = "${TARGET_NAME}";
				SDKROOT = watchos;
				SKIP_INSTALL = YES;
				SWIFT_VERSION = 5.0;
				TARGETED_DEVICE_FAMILY = 4;
				WATCHOS_DEPLOYMENT_TARGET = 7.2;
			};
			name = Debug;
		};
		8B52890A2597733700A620CF /* Release */ = {
			isa = XCBuildConfiguration;
			buildSettings = {
				ASSETCATALOG_COMPILER_COMPLICATION_NAME = Complication;
				CODE_SIGN_STYLE = Automatic;
				DEVELOPMENT_ASSET_PATHS = "\"WatchSwiftUINote Extension/Preview Content\"";
				DEVELOPMENT_TEAM = A2LPNTJJ58;
				ENABLE_PREVIEWS = YES;
				INFOPLIST_FILE = "WatchSwiftUINote Extension/Info.plist";
				LD_RUNPATH_SEARCH_PATHS = (
					"$(inherited)",
					"@executable_path/Frameworks",
					"@executable_path/../../Frameworks",
				);
				PRODUCT_BUNDLE_IDENTIFIER = live.huangsenhui.app.watchkitapp.watchkitextension;
				PRODUCT_NAME = "${TARGET_NAME}";
				SDKROOT = watchos;
				SKIP_INSTALL = YES;
				SWIFT_VERSION = 5.0;
				TARGETED_DEVICE_FAMILY = 4;
				WATCHOS_DEPLOYMENT_TARGET = 7.2;
			};
			name = Release;
		};
		8B52890D2597733700A620CF /* Debug */ = {
			isa = XCBuildConfiguration;
			buildSettings = {
				ALWAYS_EMBED_SWIFT_STANDARD_LIBRARIES = YES;
				ASSETCATALOG_COMPILER_APPICON_NAME = AppIcon;
				ASSETCATALOG_COMPILER_GLOBAL_ACCENT_COLOR_NAME = AccentColor;
				CODE_SIGN_STYLE = Automatic;
				DEVELOPMENT_TEAM = A2LPNTJJ58;
				IBSC_MODULE = WatchSwiftUINote_Extension;
				INFOPLIST_FILE = WatchSwiftUINote/Info.plist;
				PRODUCT_BUNDLE_IDENTIFIER = live.huangsenhui.app.watchkitapp;
				PRODUCT_NAME = "$(TARGET_NAME)";
				SDKROOT = watchos;
				SKIP_INSTALL = YES;
				SWIFT_VERSION = 5.0;
				TARGETED_DEVICE_FAMILY = 4;
				WATCHOS_DEPLOYMENT_TARGET = 7.2;
			};
			name = Debug;
		};
		8B52890E2597733700A620CF /* Release */ = {
			isa = XCBuildConfiguration;
			buildSettings = {
				ALWAYS_EMBED_SWIFT_STANDARD_LIBRARIES = YES;
				ASSETCATALOG_COMPILER_APPICON_NAME = AppIcon;
				ASSETCATALOG_COMPILER_GLOBAL_ACCENT_COLOR_NAME = AccentColor;
				CODE_SIGN_STYLE = Automatic;
				DEVELOPMENT_TEAM = A2LPNTJJ58;
				IBSC_MODULE = WatchSwiftUINote_Extension;
				INFOPLIST_FILE = WatchSwiftUINote/Info.plist;
				PRODUCT_BUNDLE_IDENTIFIER = live.huangsenhui.app.watchkitapp;
				PRODUCT_NAME = "$(TARGET_NAME)";
				SDKROOT = watchos;
				SKIP_INSTALL = YES;
				SWIFT_VERSION = 5.0;
				TARGETED_DEVICE_FAMILY = 4;
				WATCHOS_DEPLOYMENT_TARGET = 7.2;
			};
			name = Release;
		};
		8B88C7232592310400ADE459 /* Debug */ = {
			isa = XCBuildConfiguration;
			buildSettings = {
				ALWAYS_SEARCH_USER_PATHS = NO;
				CLANG_ANALYZER_NONNULL = YES;
				CLANG_ANALYZER_NUMBER_OBJECT_CONVERSION = YES_AGGRESSIVE;
				CLANG_CXX_LANGUAGE_STANDARD = "gnu++14";
				CLANG_CXX_LIBRARY = "libc++";
				CLANG_ENABLE_MODULES = YES;
				CLANG_ENABLE_OBJC_ARC = YES;
				CLANG_ENABLE_OBJC_WEAK = YES;
				CLANG_WARN_BLOCK_CAPTURE_AUTORELEASING = YES;
				CLANG_WARN_BOOL_CONVERSION = YES;
				CLANG_WARN_COMMA = YES;
				CLANG_WARN_CONSTANT_CONVERSION = YES;
				CLANG_WARN_DEPRECATED_OBJC_IMPLEMENTATIONS = YES;
				CLANG_WARN_DIRECT_OBJC_ISA_USAGE = YES_ERROR;
				CLANG_WARN_DOCUMENTATION_COMMENTS = YES;
				CLANG_WARN_EMPTY_BODY = YES;
				CLANG_WARN_ENUM_CONVERSION = YES;
				CLANG_WARN_INFINITE_RECURSION = YES;
				CLANG_WARN_INT_CONVERSION = YES;
				CLANG_WARN_NON_LITERAL_NULL_CONVERSION = YES;
				CLANG_WARN_OBJC_IMPLICIT_RETAIN_SELF = YES;
				CLANG_WARN_OBJC_LITERAL_CONVERSION = YES;
				CLANG_WARN_OBJC_ROOT_CLASS = YES_ERROR;
				CLANG_WARN_QUOTED_INCLUDE_IN_FRAMEWORK_HEADER = YES;
				CLANG_WARN_RANGE_LOOP_ANALYSIS = YES;
				CLANG_WARN_STRICT_PROTOTYPES = YES;
				CLANG_WARN_SUSPICIOUS_MOVE = YES;
				CLANG_WARN_UNGUARDED_AVAILABILITY = YES_AGGRESSIVE;
				CLANG_WARN_UNREACHABLE_CODE = YES;
				CLANG_WARN__DUPLICATE_METHOD_MATCH = YES;
				COPY_PHASE_STRIP = NO;
				DEBUG_INFORMATION_FORMAT = dwarf;
				ENABLE_STRICT_OBJC_MSGSEND = YES;
				ENABLE_TESTABILITY = YES;
				GCC_C_LANGUAGE_STANDARD = gnu11;
				GCC_DYNAMIC_NO_PIC = NO;
				GCC_NO_COMMON_BLOCKS = YES;
				GCC_OPTIMIZATION_LEVEL = 0;
				GCC_PREPROCESSOR_DEFINITIONS = (
					"DEBUG=1",
					"$(inherited)",
				);
				GCC_WARN_64_TO_32_BIT_CONVERSION = YES;
				GCC_WARN_ABOUT_RETURN_TYPE = YES_ERROR;
				GCC_WARN_UNDECLARED_SELECTOR = YES;
				GCC_WARN_UNINITIALIZED_AUTOS = YES_AGGRESSIVE;
				GCC_WARN_UNUSED_FUNCTION = YES;
				GCC_WARN_UNUSED_VARIABLE = YES;
				IPHONEOS_DEPLOYMENT_TARGET = 14.0;
				MTL_ENABLE_DEBUG_INFO = INCLUDE_SOURCE;
				MTL_FAST_MATH = YES;
				ONLY_ACTIVE_ARCH = YES;
				SDKROOT = iphoneos;
				SWIFT_ACTIVE_COMPILATION_CONDITIONS = DEBUG;
				SWIFT_OPTIMIZATION_LEVEL = "-Onone";
			};
			name = Debug;
		};
		8B88C7242592310400ADE459 /* Release */ = {
			isa = XCBuildConfiguration;
			buildSettings = {
				ALWAYS_SEARCH_USER_PATHS = NO;
				CLANG_ANALYZER_NONNULL = YES;
				CLANG_ANALYZER_NUMBER_OBJECT_CONVERSION = YES_AGGRESSIVE;
				CLANG_CXX_LANGUAGE_STANDARD = "gnu++14";
				CLANG_CXX_LIBRARY = "libc++";
				CLANG_ENABLE_MODULES = YES;
				CLANG_ENABLE_OBJC_ARC = YES;
				CLANG_ENABLE_OBJC_WEAK = YES;
				CLANG_WARN_BLOCK_CAPTURE_AUTORELEASING = YES;
				CLANG_WARN_BOOL_CONVERSION = YES;
				CLANG_WARN_COMMA = YES;
				CLANG_WARN_CONSTANT_CONVERSION = YES;
				CLANG_WARN_DEPRECATED_OBJC_IMPLEMENTATIONS = YES;
				CLANG_WARN_DIRECT_OBJC_ISA_USAGE = YES_ERROR;
				CLANG_WARN_DOCUMENTATION_COMMENTS = YES;
				CLANG_WARN_EMPTY_BODY = YES;
				CLANG_WARN_ENUM_CONVERSION = YES;
				CLANG_WARN_INFINITE_RECURSION = YES;
				CLANG_WARN_INT_CONVERSION = YES;
				CLANG_WARN_NON_LITERAL_NULL_CONVERSION = YES;
				CLANG_WARN_OBJC_IMPLICIT_RETAIN_SELF = YES;
				CLANG_WARN_OBJC_LITERAL_CONVERSION = YES;
				CLANG_WARN_OBJC_ROOT_CLASS = YES_ERROR;
				CLANG_WARN_QUOTED_INCLUDE_IN_FRAMEWORK_HEADER = YES;
				CLANG_WARN_RANGE_LOOP_ANALYSIS = YES;
				CLANG_WARN_STRICT_PROTOTYPES = YES;
				CLANG_WARN_SUSPICIOUS_MOVE = YES;
				CLANG_WARN_UNGUARDED_AVAILABILITY = YES_AGGRESSIVE;
				CLANG_WARN_UNREACHABLE_CODE = YES;
				CLANG_WARN__DUPLICATE_METHOD_MATCH = YES;
				COPY_PHASE_STRIP = NO;
				DEBUG_INFORMATION_FORMAT = "dwarf-with-dsym";
				ENABLE_NS_ASSERTIONS = NO;
				ENABLE_STRICT_OBJC_MSGSEND = YES;
				GCC_C_LANGUAGE_STANDARD = gnu11;
				GCC_NO_COMMON_BLOCKS = YES;
				GCC_WARN_64_TO_32_BIT_CONVERSION = YES;
				GCC_WARN_ABOUT_RETURN_TYPE = YES_ERROR;
				GCC_WARN_UNDECLARED_SELECTOR = YES;
				GCC_WARN_UNINITIALIZED_AUTOS = YES_AGGRESSIVE;
				GCC_WARN_UNUSED_FUNCTION = YES;
				GCC_WARN_UNUSED_VARIABLE = YES;
				IPHONEOS_DEPLOYMENT_TARGET = 14.0;
				MTL_ENABLE_DEBUG_INFO = NO;
				MTL_FAST_MATH = YES;
				SDKROOT = iphoneos;
				SWIFT_COMPILATION_MODE = wholemodule;
				SWIFT_OPTIMIZATION_LEVEL = "-O";
				VALIDATE_PRODUCT = YES;
			};
			name = Release;
		};
		8B88C7262592310400ADE459 /* Debug */ = {
			isa = XCBuildConfiguration;
			buildSettings = {
				ASSETCATALOG_COMPILER_APPICON_NAME = AppIcon;
				ASSETCATALOG_COMPILER_GLOBAL_ACCENT_COLOR_NAME = AccentColor;
				CODE_SIGN_STYLE = Automatic;
				DEVELOPMENT_ASSET_PATHS = "\"SwiftUINote/Preview Content\"";
				DEVELOPMENT_TEAM = A2LPNTJJ58;
				ENABLE_PREVIEWS = YES;
				INFOPLIST_FILE = SwiftUINote/Info.plist;
				IPHONEOS_DEPLOYMENT_TARGET = 14.0;
				LD_RUNPATH_SEARCH_PATHS = (
					"$(inherited)",
					"@executable_path/Frameworks",
				);
				PRODUCT_BUNDLE_IDENTIFIER = live.huangsenhui.app;
				PRODUCT_NAME = "$(TARGET_NAME)";
				SWIFT_VERSION = 5.0;
				TARGETED_DEVICE_FAMILY = "1,2";
			};
			name = Debug;
		};
		8B88C7272592310400ADE459 /* Release */ = {
			isa = XCBuildConfiguration;
			buildSettings = {
				ASSETCATALOG_COMPILER_APPICON_NAME = AppIcon;
				ASSETCATALOG_COMPILER_GLOBAL_ACCENT_COLOR_NAME = AccentColor;
				CODE_SIGN_STYLE = Automatic;
				DEVELOPMENT_ASSET_PATHS = "\"SwiftUINote/Preview Content\"";
				DEVELOPMENT_TEAM = A2LPNTJJ58;
				ENABLE_PREVIEWS = YES;
				INFOPLIST_FILE = SwiftUINote/Info.plist;
				IPHONEOS_DEPLOYMENT_TARGET = 14.0;
				LD_RUNPATH_SEARCH_PATHS = (
					"$(inherited)",
					"@executable_path/Frameworks",
				);
				PRODUCT_BUNDLE_IDENTIFIER = live.huangsenhui.app;
				PRODUCT_NAME = "$(TARGET_NAME)";
				SWIFT_VERSION = 5.0;
				TARGETED_DEVICE_FAMILY = "1,2";
			};
			name = Release;
		};
/* End XCBuildConfiguration section */

/* Begin XCConfigurationList section */
		8B5289082597733700A620CF /* Build configuration list for PBXNativeTarget "WatchSwiftUINote Extension" */ = {
			isa = XCConfigurationList;
			buildConfigurations = (
				8B5289092597733700A620CF /* Debug */,
				8B52890A2597733700A620CF /* Release */,
			);
			defaultConfigurationIsVisible = 0;
			defaultConfigurationName = Release;
		};
		8B52890C2597733700A620CF /* Build configuration list for PBXNativeTarget "WatchSwiftUINote" */ = {
			isa = XCConfigurationList;
			buildConfigurations = (
				8B52890D2597733700A620CF /* Debug */,
				8B52890E2597733700A620CF /* Release */,
			);
			defaultConfigurationIsVisible = 0;
			defaultConfigurationName = Release;
		};
		8B88C7112592310200ADE459 /* Build configuration list for PBXProject "SwiftUINote" */ = {
			isa = XCConfigurationList;
			buildConfigurations = (
				8B88C7232592310400ADE459 /* Debug */,
				8B88C7242592310400ADE459 /* Release */,
			);
			defaultConfigurationIsVisible = 0;
			defaultConfigurationName = Release;
		};
		8B88C7252592310400ADE459 /* Build configuration list for PBXNativeTarget "SwiftUINote" */ = {
			isa = XCConfigurationList;
			buildConfigurations = (
				8B88C7262592310400ADE459 /* Debug */,
				8B88C7272592310400ADE459 /* Release */,
			);
			defaultConfigurationIsVisible = 0;
			defaultConfigurationName = Release;
		};
/* End XCConfigurationList section */
	};
	rootObject = 8B88C70E2592310200ADE459 /* Project object */;
}
